
Microsoft Visual Studio Solution File, Format Version 12.00
# Visual Studio Version 17
VisualStudioVersion = 17.0.31903.59
MinimumVisualStudioVersion = 10.0.40219.1
Project("{FAE04EC0-301F-11D3-BF4B-00C04F79EFBC}") = "vorpcore_cl", "vorpcore_cl\vorpcore_cl.csproj", "{CE91D7D8-B284-49DF-8690-5E7071CEC0DC}"
EndProject
Project("{FAE04EC0-301F-11D3-BF4B-00C04F79EFBC}") = "vorpcore_sv", "vorpcore_sv\vorpcore_sv.csproj", "{A754D885-DA97-4ED1-835A-AEB3160DBD46}"
EndProject
Project("{9A19103F-16F7-4668-BE54-9A1E7A4F7556}") = "Vorp.Core.Server", "Vorp.Core.Server\Vorp.Core.Server.csproj", "{6ED84E11-01D5-4A67-9BC8-DA394A7964E9}"
EndProject
Project("{D954291E-2A0B-460D-934E-DC6B0785DB48}") = "Vorp.Shared", "Vorp.Shared\Vorp.Shared.shproj", "{A9B29B21-9445-4AAD-84C0-1BCEBE9E1C73}"
EndProject
Project("{2150E333-8FDC-42A3-9474-1A3956D46DE8}") = "Legacy Projects", "Legacy Projects", "{28D0D758-6653-45A9-889F-1E1699F4E278}"
EndProject
Project("{2150E333-8FDC-42A3-9474-1A3956D46DE8}") = "Solution Items", "Solution Items", "{B49AEED2-6379-490F-BB76-23564DE1E870}"
	ProjectSection(SolutionItems) = preProject
		.gitignore = .gitignore
	EndProjectSection
EndProject
Project("{2150E333-8FDC-42A3-9474-1A3956D46DE8}") = "Vendor", "Vendor", "{ED6A76B7-F196-4808-A34E-59436F306C46}"
EndProject
Project("{2150E333-8FDC-42A3-9474-1A3956D46DE8}") = "fxEvents", "fxEvents", "{CBA894DC-5578-4F54-BB59-FE9557187F60}"
EndProject
Project("{9A19103F-16F7-4668-BE54-9A1E7A4F7556}") = "Vorp.Core.Client", "Vorp.Core.Client\Vorp.Core.Client.csproj", "{093C0421-31CD-488F-97BA-2025D62A204E}"
EndProject
Project("{9A19103F-16F7-4668-BE54-9A1E7A4F7556}") = "FxEvents.Client", "vendor\FxEvents\FxEvents\FxEvents.Client\FxEvents.Client.csproj", "{4F57E7A2-97B7-499B-8F9A-57F0AF74C9AC}"
EndProject
Project("{9A19103F-16F7-4668-BE54-9A1E7A4F7556}") = "FxEvents.Server", "vendor\FxEvents\FxEvents\FxEvents.Server\FxEvents.Server.csproj", "{EA000DB8-AB37-4976-8CC4-6FC61ADC989F}"
EndProject
Global
	GlobalSection(SolutionConfigurationPlatforms) = preSolution
		Client|Any CPU = Client|Any CPU
		Debug|Any CPU = Debug|Any CPU
		DevelopmentClient|Any CPU = DevelopmentClient|Any CPU
		Release|Any CPU = Release|Any CPU
		Server|Any CPU = Server|Any CPU
	EndGlobalSection
	GlobalSection(ProjectConfigurationPlatforms) = postSolution
		{CE91D7D8-B284-49DF-8690-5E7071CEC0DC}.Client|Any CPU.ActiveCfg = Debug|Any CPU
		{CE91D7D8-B284-49DF-8690-5E7071CEC0DC}.Client|Any CPU.Build.0 = Debug|Any CPU
		{CE91D7D8-B284-49DF-8690-5E7071CEC0DC}.Debug|Any CPU.ActiveCfg = Debug|Any CPU
		{CE91D7D8-B284-49DF-8690-5E7071CEC0DC}.Debug|Any CPU.Build.0 = Debug|Any CPU
		{CE91D7D8-B284-49DF-8690-5E7071CEC0DC}.DevelopmentClient|Any CPU.ActiveCfg = Debug|Any CPU
		{CE91D7D8-B284-49DF-8690-5E7071CEC0DC}.DevelopmentClient|Any CPU.Build.0 = Debug|Any CPU
		{CE91D7D8-B284-49DF-8690-5E7071CEC0DC}.Release|Any CPU.ActiveCfg = Debug|Any CPU
		{CE91D7D8-B284-49DF-8690-5E7071CEC0DC}.Release|Any CPU.Build.0 = Debug|Any CPU
		{CE91D7D8-B284-49DF-8690-5E7071CEC0DC}.Server|Any CPU.ActiveCfg = Debug|Any CPU
		{CE91D7D8-B284-49DF-8690-5E7071CEC0DC}.Server|Any CPU.Build.0 = Debug|Any CPU
		{A754D885-DA97-4ED1-835A-AEB3160DBD46}.Client|Any CPU.ActiveCfg = Debug|Any CPU
		{A754D885-DA97-4ED1-835A-AEB3160DBD46}.Client|Any CPU.Build.0 = Debug|Any CPU
		{A754D885-DA97-4ED1-835A-AEB3160DBD46}.Debug|Any CPU.ActiveCfg = Debug|Any CPU
		{A754D885-DA97-4ED1-835A-AEB3160DBD46}.Debug|Any CPU.Build.0 = Debug|Any CPU
		{A754D885-DA97-4ED1-835A-AEB3160DBD46}.DevelopmentClient|Any CPU.ActiveCfg = Debug|Any CPU
		{A754D885-DA97-4ED1-835A-AEB3160DBD46}.DevelopmentClient|Any CPU.Build.0 = Debug|Any CPU
		{A754D885-DA97-4ED1-835A-AEB3160DBD46}.Release|Any CPU.ActiveCfg = Debug|Any CPU
		{A754D885-DA97-4ED1-835A-AEB3160DBD46}.Release|Any CPU.Build.0 = Debug|Any CPU
		{A754D885-DA97-4ED1-835A-AEB3160DBD46}.Server|Any CPU.ActiveCfg = Debug|Any CPU
		{A754D885-DA97-4ED1-835A-AEB3160DBD46}.Server|Any CPU.Build.0 = Debug|Any CPU
		{6ED84E11-01D5-4A67-9BC8-DA394A7964E9}.Client|Any CPU.ActiveCfg = Server|Any CPU
		{6ED84E11-01D5-4A67-9BC8-DA394A7964E9}.Client|Any CPU.Build.0 = Server|Any CPU
		{6ED84E11-01D5-4A67-9BC8-DA394A7964E9}.Debug|Any CPU.ActiveCfg = Server|Any CPU
		{6ED84E11-01D5-4A67-9BC8-DA394A7964E9}.Debug|Any CPU.Build.0 = Server|Any CPU
		{6ED84E11-01D5-4A67-9BC8-DA394A7964E9}.DevelopmentClient|Any CPU.ActiveCfg = Debug|Any CPU
		{6ED84E11-01D5-4A67-9BC8-DA394A7964E9}.DevelopmentClient|Any CPU.Build.0 = Debug|Any CPU
		{6ED84E11-01D5-4A67-9BC8-DA394A7964E9}.Release|Any CPU.ActiveCfg = Server|Any CPU
		{6ED84E11-01D5-4A67-9BC8-DA394A7964E9}.Release|Any CPU.Build.0 = Server|Any CPU
		{6ED84E11-01D5-4A67-9BC8-DA394A7964E9}.Server|Any CPU.ActiveCfg = Server|Any CPU
		{6ED84E11-01D5-4A67-9BC8-DA394A7964E9}.Server|Any CPU.Build.0 = Server|Any CPU
		{093C0421-31CD-488F-97BA-2025D62A204E}.Client|Any CPU.ActiveCfg = Debug|Any CPU
		{093C0421-31CD-488F-97BA-2025D62A204E}.Client|Any CPU.Build.0 = Debug|Any CPU
		{093C0421-31CD-488F-97BA-2025D62A204E}.Debug|Any CPU.ActiveCfg = Debug|Any CPU
		{093C0421-31CD-488F-97BA-2025D62A204E}.Debug|Any CPU.Build.0 = Debug|Any CPU
		{093C0421-31CD-488F-97BA-2025D62A204E}.DevelopmentClient|Any CPU.ActiveCfg = Debug|Any CPU
		{093C0421-31CD-488F-97BA-2025D62A204E}.DevelopmentClient|Any CPU.Build.0 = Debug|Any CPU
		{093C0421-31CD-488F-97BA-2025D62A204E}.Release|Any CPU.ActiveCfg = Release|Any CPU
		{093C0421-31CD-488F-97BA-2025D62A204E}.Release|Any CPU.Build.0 = Release|Any CPU
		{093C0421-31CD-488F-97BA-2025D62A204E}.Server|Any CPU.ActiveCfg = CLIENT|Any CPU
		{093C0421-31CD-488F-97BA-2025D62A204E}.Server|Any CPU.Build.0 = CLIENT|Any CPU
		{4F57E7A2-97B7-499B-8F9A-57F0AF74C9AC}.Client|Any CPU.ActiveCfg = Debug RedM|Any CPU
		{4F57E7A2-97B7-499B-8F9A-57F0AF74C9AC}.Client|Any CPU.Build.0 = Debug RedM|Any CPU
		{4F57E7A2-97B7-499B-8F9A-57F0AF74C9AC}.Debug|Any CPU.ActiveCfg = Debug|Any CPU
		{4F57E7A2-97B7-499B-8F9A-57F0AF74C9AC}.Debug|Any CPU.Build.0 = Debug|Any CPU
		{4F57E7A2-97B7-499B-8F9A-57F0AF74C9AC}.DevelopmentClient|Any CPU.ActiveCfg = Debug|Any CPU
		{4F57E7A2-97B7-499B-8F9A-57F0AF74C9AC}.DevelopmentClient|Any CPU.Build.0 = Debug|Any CPU
		{4F57E7A2-97B7-499B-8F9A-57F0AF74C9AC}.Release|Any CPU.ActiveCfg = Release|Any CPU
		{4F57E7A2-97B7-499B-8F9A-57F0AF74C9AC}.Release|Any CPU.Build.0 = Release|Any CPU
		{4F57E7A2-97B7-499B-8F9A-57F0AF74C9AC}.Server|Any CPU.ActiveCfg = Debug|Any CPU
		{4F57E7A2-97B7-499B-8F9A-57F0AF74C9AC}.Server|Any CPU.Build.0 = Debug|Any CPU
		{EA000DB8-AB37-4976-8CC4-6FC61ADC989F}.Client|Any CPU.ActiveCfg = Release|Any CPU
		{EA000DB8-AB37-4976-8CC4-6FC61ADC989F}.Client|Any CPU.Build.0 = Release|Any CPU
		{EA000DB8-AB37-4976-8CC4-6FC61ADC989F}.Debug|Any CPU.ActiveCfg = Debug|Any CPU
		{EA000DB8-AB37-4976-8CC4-6FC61ADC989F}.Debug|Any CPU.Build.0 = Debug|Any CPU
		{EA000DB8-AB37-4976-8CC4-6FC61ADC989F}.DevelopmentClient|Any CPU.ActiveCfg = Debug|Any CPU
		{EA000DB8-AB37-4976-8CC4-6FC61ADC989F}.DevelopmentClient|Any CPU.Build.0 = Debug|Any CPU
		{EA000DB8-AB37-4976-8CC4-6FC61ADC989F}.Release|Any CPU.ActiveCfg = Release|Any CPU
		{EA000DB8-AB37-4976-8CC4-6FC61ADC989F}.Release|Any CPU.Build.0 = Release|Any CPU
		{EA000DB8-AB37-4976-8CC4-6FC61ADC989F}.Server|Any CPU.ActiveCfg = Debug|Any CPU
		{EA000DB8-AB37-4976-8CC4-6FC61ADC989F}.Server|Any CPU.Build.0 = Debug|Any CPU
	EndGlobalSection
	GlobalSection(SolutionProperties) = preSolution
		HideSolutionNode = FALSE
	EndGlobalSection
	GlobalSection(NestedProjects) = preSolution
		{CE91D7D8-B284-49DF-8690-5E7071CEC0DC} = {28D0D758-6653-45A9-889F-1E1699F4E278}
		{A754D885-DA97-4ED1-835A-AEB3160DBD46} = {28D0D758-6653-45A9-889F-1E1699F4E278}
		{CBA894DC-5578-4F54-BB59-FE9557187F60} = {ED6A76B7-F196-4808-A34E-59436F306C46}
		{4F57E7A2-97B7-499B-8F9A-57F0AF74C9AC} = {CBA894DC-5578-4F54-BB59-FE9557187F60}
		{EA000DB8-AB37-4976-8CC4-6FC61ADC989F} = {CBA894DC-5578-4F54-BB59-FE9557187F60}
	EndGlobalSection
	GlobalSection(ExtensibilityGlobals) = postSolution
		SolutionGuid = {D9B005D7-947F-4677-9A82-5E0A8C8A0235}
	EndGlobalSection
	GlobalSection(SharedMSBuildProjectFiles) = preSolution
		Vorp.Shared\Vorp.Shared.projitems*{093c0421-31cd-488f-97ba-2025d62a204e}*SharedItemsImports = 5
		Vorp.Shared\Vorp.Shared.projitems*{6ed84e11-01d5-4a67-9bc8-da394a7964e9}*SharedItemsImports = 5
		Vorp.Shared\Vorp.Shared.projitems*{a9b29b21-9445-4aad-84c0-1bcebe9e1c73}*SharedItemsImports = 13
	EndGlobalSection
EndGlobal
